// !$*UTF8*$!
{
	archiveVersion = 1;
	classes = {
	};
	objectVersion = 56;
	objects = {

/* Begin PBXBuildFile section */
		C01B42012BA3A4B7006C5C37 /* CoreDataSPM in Frameworks */ = {isa = PBXBuildFile; productRef = C01B42002BA3A4B7006C5C37 /* CoreDataSPM */; };
		C01B42042BA3A4D0006C5C37 /* CoreDataSPM in Frameworks */ = {isa = PBXBuildFile; productRef = C01B42032BA3A4D0006C5C37 /* CoreDataSPM */; };
		C01B42092BA3A598006C5C37 /* CoreDataSPM in Frameworks */ = {isa = PBXBuildFile; productRef = C01B42082BA3A598006C5C37 /* CoreDataSPM */; };
		C064BA5B2D876ED10091E2BE /* Color+Ext.swift in Sources */ = {isa = PBXBuildFile; fileRef = C064BA5A2D876ED10091E2BE /* Color+Ext.swift */; };
		C064BA5D2D876EF60091E2BE /* UIColor+Ext.swift in Sources */ = {isa = PBXBuildFile; fileRef = C064BA5C2D876EF60091E2BE /* UIColor+Ext.swift */; };
		C064BA5F2D876F080091E2BE /* Optional+Ext.swift in Sources */ = {isa = PBXBuildFile; fileRef = C064BA5E2D876F080091E2BE /* Optional+Ext.swift */; };
		C064BA612D876F210091E2BE /* View+Ext.swift in Sources */ = {isa = PBXBuildFile; fileRef = C064BA602D876F210091E2BE /* View+Ext.swift */; };
		C09774E52B5C22A000F4FFE6 /* MacMobilityApp.swift in Sources */ = {isa = PBXBuildFile; fileRef = C09774E42B5C22A000F4FFE6 /* MacMobilityApp.swift */; };
		C09774E92B5C22A100F4FFE6 /* Assets.xcassets in Resources */ = {isa = PBXBuildFile; fileRef = C09774E82B5C22A100F4FFE6 /* Assets.xcassets */; };
		C09774EC2B5C22A100F4FFE6 /* Preview Assets.xcassets in Resources */ = {isa = PBXBuildFile; fileRef = C09774EB2B5C22A100F4FFE6 /* Preview Assets.xcassets */; };
		C09774F62B5C22A100F4FFE6 /* MacMobilityTests.swift in Sources */ = {isa = PBXBuildFile; fileRef = C09774F52B5C22A100F4FFE6 /* MacMobilityTests.swift */; };
		C09775002B5C22A100F4FFE6 /* MacMobilityUITests.swift in Sources */ = {isa = PBXBuildFile; fileRef = C09774FF2B5C22A100F4FFE6 /* MacMobilityUITests.swift */; };
		C09775022B5C22A100F4FFE6 /* MacMobilityUITestsLaunchTests.swift in Sources */ = {isa = PBXBuildFile; fileRef = C09775012B5C22A100F4FFE6 /* MacMobilityUITestsLaunchTests.swift */; };
		C09775132B5C233B00F4FFE6 /* String+Ext.swift in Sources */ = {isa = PBXBuildFile; fileRef = C09775112B5C233B00F4FFE6 /* String+Ext.swift */; };
		C09775142B5C233B00F4FFE6 /* Array+Ext.swift in Sources */ = {isa = PBXBuildFile; fileRef = C09775122B5C233B00F4FFE6 /* Array+Ext.swift */; };
		C09775172B5C235700F4FFE6 /* ConnectionManager.swift in Sources */ = {isa = PBXBuildFile; fileRef = C09775162B5C235700F4FFE6 /* ConnectionManager.swift */; };
		C09775192B5C239600F4FFE6 /* iOSMainView.swift in Sources */ = {isa = PBXBuildFile; fileRef = C09775182B5C239600F4FFE6 /* iOSMainView.swift */; };
		C097751B2B5C239B00F4FFE6 /* QRCodeScanner.swift in Sources */ = {isa = PBXBuildFile; fileRef = C097751A2B5C239B00F4FFE6 /* QRCodeScanner.swift */; };
		C097751D2B5C23A100F4FFE6 /* MacOSAppDependencyScreen.swift in Sources */ = {isa = PBXBuildFile; fileRef = C097751C2B5C23A100F4FFE6 /* MacOSAppDependencyScreen.swift */; };
		C097751F2B5C23E500F4FFE6 /* ConnectionManager+iOS+Ext.swift in Sources */ = {isa = PBXBuildFile; fileRef = C097751E2B5C23E500F4FFE6 /* ConnectionManager+iOS+Ext.swift */; };
		C09775212B5C23EA00F4FFE6 /* ConnectionSenable.swift in Sources */ = {isa = PBXBuildFile; fileRef = C09775202B5C23EA00F4FFE6 /* ConnectionSenable.swift */; };
		C0BDB29D2BA3AF5800B36D19 /* Swiftly in Frameworks */ = {isa = PBXBuildFile; productRef = C0BDB29C2BA3AF5800B36D19 /* Swiftly */; };
/* End PBXBuildFile section */

/* Begin PBXContainerItemProxy section */
		C09774F22B5C22A100F4FFE6 /* PBXContainerItemProxy */ = {
			isa = PBXContainerItemProxy;
			containerPortal = C09774D92B5C229F00F4FFE6 /* Project object */;
			proxyType = 1;
			remoteGlobalIDString = C09774E02B5C22A000F4FFE6;
			remoteInfo = MacMobility;
		};
		C09774FC2B5C22A100F4FFE6 /* PBXContainerItemProxy */ = {
			isa = PBXContainerItemProxy;
			containerPortal = C09774D92B5C229F00F4FFE6 /* Project object */;
			proxyType = 1;
			remoteGlobalIDString = C09774E02B5C22A000F4FFE6;
			remoteInfo = MacMobility;
		};
/* End PBXContainerItemProxy section */

/* Begin PBXFileReference section */
		C00139EF2BA436C100FE558C /* Swiftly */ = {isa = PBXFileReference; lastKnownFileType = wrapper; path = Swiftly; sourceTree = "<group>"; };
		C00139F02BA436C800FE558C /* CoreDataSPM */ = {isa = PBXFileReference; lastKnownFileType = wrapper; path = CoreDataSPM; sourceTree = "<group>"; };
		C064BA5A2D876ED10091E2BE /* Color+Ext.swift */ = {isa = PBXFileReference; lastKnownFileType = sourcecode.swift; path = "Color+Ext.swift"; sourceTree = "<group>"; };
		C064BA5C2D876EF60091E2BE /* UIColor+Ext.swift */ = {isa = PBXFileReference; lastKnownFileType = sourcecode.swift; path = "UIColor+Ext.swift"; sourceTree = "<group>"; };
		C064BA5E2D876F080091E2BE /* Optional+Ext.swift */ = {isa = PBXFileReference; lastKnownFileType = sourcecode.swift; path = "Optional+Ext.swift"; sourceTree = "<group>"; };
		C064BA602D876F210091E2BE /* View+Ext.swift */ = {isa = PBXFileReference; lastKnownFileType = sourcecode.swift; path = "View+Ext.swift"; sourceTree = "<group>"; };
		C09774E12B5C22A000F4FFE6 /* MacMobility.app */ = {isa = PBXFileReference; explicitFileType = wrapper.application; includeInIndex = 0; path = MacMobility.app; sourceTree = BUILT_PRODUCTS_DIR; };
		C09774E42B5C22A000F4FFE6 /* MacMobilityApp.swift */ = {isa = PBXFileReference; lastKnownFileType = sourcecode.swift; path = MacMobilityApp.swift; sourceTree = "<group>"; };
		C09774E82B5C22A100F4FFE6 /* Assets.xcassets */ = {isa = PBXFileReference; lastKnownFileType = folder.assetcatalog; path = Assets.xcassets; sourceTree = "<group>"; };
		C09774EB2B5C22A100F4FFE6 /* Preview Assets.xcassets */ = {isa = PBXFileReference; lastKnownFileType = folder.assetcatalog; path = "Preview Assets.xcassets"; sourceTree = "<group>"; };
		C09774F12B5C22A100F4FFE6 /* MacMobilityTests.xctest */ = {isa = PBXFileReference; explicitFileType = wrapper.cfbundle; includeInIndex = 0; path = MacMobilityTests.xctest; sourceTree = BUILT_PRODUCTS_DIR; };
		C09774F52B5C22A100F4FFE6 /* MacMobilityTests.swift */ = {isa = PBXFileReference; lastKnownFileType = sourcecode.swift; path = MacMobilityTests.swift; sourceTree = "<group>"; };
		C09774FB2B5C22A100F4FFE6 /* MacMobilityUITests.xctest */ = {isa = PBXFileReference; explicitFileType = wrapper.cfbundle; includeInIndex = 0; path = MacMobilityUITests.xctest; sourceTree = BUILT_PRODUCTS_DIR; };
		C09774FF2B5C22A100F4FFE6 /* MacMobilityUITests.swift */ = {isa = PBXFileReference; lastKnownFileType = sourcecode.swift; path = MacMobilityUITests.swift; sourceTree = "<group>"; };
		C09775012B5C22A100F4FFE6 /* MacMobilityUITestsLaunchTests.swift */ = {isa = PBXFileReference; lastKnownFileType = sourcecode.swift; path = MacMobilityUITestsLaunchTests.swift; sourceTree = "<group>"; };
		C09775112B5C233B00F4FFE6 /* String+Ext.swift */ = {isa = PBXFileReference; fileEncoding = 4; lastKnownFileType = sourcecode.swift; path = "String+Ext.swift"; sourceTree = "<group>"; };
		C09775122B5C233B00F4FFE6 /* Array+Ext.swift */ = {isa = PBXFileReference; fileEncoding = 4; lastKnownFileType = sourcecode.swift; path = "Array+Ext.swift"; sourceTree = "<group>"; };
		C09775162B5C235700F4FFE6 /* ConnectionManager.swift */ = {isa = PBXFileReference; fileEncoding = 4; lastKnownFileType = sourcecode.swift; path = ConnectionManager.swift; sourceTree = "<group>"; };
		C09775182B5C239600F4FFE6 /* iOSMainView.swift */ = {isa = PBXFileReference; fileEncoding = 4; lastKnownFileType = sourcecode.swift; path = iOSMainView.swift; sourceTree = "<group>"; };
		C097751A2B5C239B00F4FFE6 /* QRCodeScanner.swift */ = {isa = PBXFileReference; fileEncoding = 4; lastKnownFileType = sourcecode.swift; path = QRCodeScanner.swift; sourceTree = "<group>"; };
		C097751C2B5C23A100F4FFE6 /* MacOSAppDependencyScreen.swift */ = {isa = PBXFileReference; fileEncoding = 4; lastKnownFileType = sourcecode.swift; path = MacOSAppDependencyScreen.swift; sourceTree = "<group>"; };
		C097751E2B5C23E500F4FFE6 /* ConnectionManager+iOS+Ext.swift */ = {isa = PBXFileReference; fileEncoding = 4; lastKnownFileType = sourcecode.swift; path = "ConnectionManager+iOS+Ext.swift"; sourceTree = "<group>"; };
		C09775202B5C23EA00F4FFE6 /* ConnectionSenable.swift */ = {isa = PBXFileReference; fileEncoding = 4; lastKnownFileType = sourcecode.swift; path = ConnectionSenable.swift; sourceTree = "<group>"; };
		C09775222B5C259000F4FFE6 /* Info.plist */ = {isa = PBXFileReference; lastKnownFileType = text.plist; path = Info.plist; sourceTree = "<group>"; };
/* End PBXFileReference section */

/* Begin PBXFrameworksBuildPhase section */
		C09774DE2B5C22A000F4FFE6 /* Frameworks */ = {
			isa = PBXFrameworksBuildPhase;
			buildActionMask = 2147483647;
			files = (
				C01B42042BA3A4D0006C5C37 /* CoreDataSPM in Frameworks */,
				C0BDB29D2BA3AF5800B36D19 /* Swiftly in Frameworks */,
				C01B42092BA3A598006C5C37 /* CoreDataSPM in Frameworks */,
				C01B42012BA3A4B7006C5C37 /* CoreDataSPM in Frameworks */,
			);
			runOnlyForDeploymentPostprocessing = 0;
		};
		C09774EE2B5C22A100F4FFE6 /* Frameworks */ = {
			isa = PBXFrameworksBuildPhase;
			buildActionMask = 2147483647;
			files = (
			);
			runOnlyForDeploymentPostprocessing = 0;
		};
		C09774F82B5C22A100F4FFE6 /* Frameworks */ = {
			isa = PBXFrameworksBuildPhase;
			buildActionMask = 2147483647;
			files = (
			);
			runOnlyForDeploymentPostprocessing = 0;
		};
/* End PBXFrameworksBuildPhase section */

/* Begin PBXGroup section */
		C01B420A2BA3A5C0006C5C37 /* SPM */ = {
			isa = PBXGroup;
			children = (
				C00139F02BA436C800FE558C /* CoreDataSPM */,
				C00139EF2BA436C100FE558C /* Swiftly */,
			);
			path = SPM;
			sourceTree = "<group>";
		};
		C09774D82B5C229F00F4FFE6 = {
			isa = PBXGroup;
			children = (
				C01B420A2BA3A5C0006C5C37 /* SPM */,
				C09774E32B5C22A000F4FFE6 /* MacMobility */,
				C09774F42B5C22A100F4FFE6 /* MacMobilityTests */,
				C09774FE2B5C22A100F4FFE6 /* MacMobilityUITests */,
				C09774E22B5C22A000F4FFE6 /* Products */,
				C0BDB29B2BA3AF5800B36D19 /* Frameworks */,
			);
			sourceTree = "<group>";
		};
		C09774E22B5C22A000F4FFE6 /* Products */ = {
			isa = PBXGroup;
			children = (
				C09774E12B5C22A000F4FFE6 /* MacMobility.app */,
				C09774F12B5C22A100F4FFE6 /* MacMobilityTests.xctest */,
				C09774FB2B5C22A100F4FFE6 /* MacMobilityUITests.xctest */,
			);
			name = Products;
			sourceTree = "<group>";
		};
		C09774E32B5C22A000F4FFE6 /* MacMobility */ = {
			isa = PBXGroup;
			children = (
				C09775222B5C259000F4FFE6 /* Info.plist */,
				C09775152B5C234F00F4FFE6 /* Managers */,
				C09775102B5C233000F4FFE6 /* Extensions */,
				C09774E42B5C22A000F4FFE6 /* MacMobilityApp.swift */,
				C09775182B5C239600F4FFE6 /* iOSMainView.swift */,
				C097751A2B5C239B00F4FFE6 /* QRCodeScanner.swift */,
				C097751C2B5C23A100F4FFE6 /* MacOSAppDependencyScreen.swift */,
				C09774E82B5C22A100F4FFE6 /* Assets.xcassets */,
				C09774EA2B5C22A100F4FFE6 /* Preview Content */,
			);
			path = MacMobility;
			sourceTree = "<group>";
		};
		C09774EA2B5C22A100F4FFE6 /* Preview Content */ = {
			isa = PBXGroup;
			children = (
				C09774EB2B5C22A100F4FFE6 /* Preview Assets.xcassets */,
			);
			path = "Preview Content";
			sourceTree = "<group>";
		};
		C09774F42B5C22A100F4FFE6 /* MacMobilityTests */ = {
			isa = PBXGroup;
			children = (
				C09774F52B5C22A100F4FFE6 /* MacMobilityTests.swift */,
			);
			path = MacMobilityTests;
			sourceTree = "<group>";
		};
		C09774FE2B5C22A100F4FFE6 /* MacMobilityUITests */ = {
			isa = PBXGroup;
			children = (
				C09774FF2B5C22A100F4FFE6 /* MacMobilityUITests.swift */,
				C09775012B5C22A100F4FFE6 /* MacMobilityUITestsLaunchTests.swift */,
			);
			path = MacMobilityUITests;
			sourceTree = "<group>";
		};
		C09775102B5C233000F4FFE6 /* Extensions */ = {
			isa = PBXGroup;
			children = (
				C09775122B5C233B00F4FFE6 /* Array+Ext.swift */,
				C09775112B5C233B00F4FFE6 /* String+Ext.swift */,
				C064BA5A2D876ED10091E2BE /* Color+Ext.swift */,
				C064BA5C2D876EF60091E2BE /* UIColor+Ext.swift */,
				C064BA5E2D876F080091E2BE /* Optional+Ext.swift */,
				C064BA602D876F210091E2BE /* View+Ext.swift */,
			);
			path = Extensions;
			sourceTree = "<group>";
		};
		C09775152B5C234F00F4FFE6 /* Managers */ = {
			isa = PBXGroup;
			children = (
				C09775162B5C235700F4FFE6 /* ConnectionManager.swift */,
				C097751E2B5C23E500F4FFE6 /* ConnectionManager+iOS+Ext.swift */,
				C09775202B5C23EA00F4FFE6 /* ConnectionSenable.swift */,
			);
			path = Managers;
			sourceTree = "<group>";
		};
		C0BDB29B2BA3AF5800B36D19 /* Frameworks */ = {
			isa = PBXGroup;
			children = (
			);
			name = Frameworks;
			sourceTree = "<group>";
		};
/* End PBXGroup section */

/* Begin PBXNativeTarget section */
		C09774E02B5C22A000F4FFE6 /* MacMobility */ = {
			isa = PBXNativeTarget;
			buildConfigurationList = C09775052B5C22A100F4FFE6 /* Build configuration list for PBXNativeTarget "MacMobility" */;
			buildPhases = (
				C09774DD2B5C22A000F4FFE6 /* Sources */,
				C09774DE2B5C22A000F4FFE6 /* Frameworks */,
				C09774DF2B5C22A000F4FFE6 /* Resources */,
			);
			buildRules = (
			);
			dependencies = (
			);
			name = MacMobility;
			packageProductDependencies = (
				C01B42002BA3A4B7006C5C37 /* CoreDataSPM */,
				C01B42032BA3A4D0006C5C37 /* CoreDataSPM */,
				C01B42082BA3A598006C5C37 /* CoreDataSPM */,
				C0BDB29C2BA3AF5800B36D19 /* Swiftly */,
			);
			productName = MacMobility;
			productReference = C09774E12B5C22A000F4FFE6 /* MacMobility.app */;
			productType = "com.apple.product-type.application";
		};
		C09774F02B5C22A100F4FFE6 /* MacMobilityTests */ = {
			isa = PBXNativeTarget;
			buildConfigurationList = C09775082B5C22A100F4FFE6 /* Build configuration list for PBXNativeTarget "MacMobilityTests" */;
			buildPhases = (
				C09774ED2B5C22A100F4FFE6 /* Sources */,
				C09774EE2B5C22A100F4FFE6 /* Frameworks */,
				C09774EF2B5C22A100F4FFE6 /* Resources */,
			);
			buildRules = (
			);
			dependencies = (
				C09774F32B5C22A100F4FFE6 /* PBXTargetDependency */,
			);
			name = MacMobilityTests;
			productName = MacMobilityTests;
			productReference = C09774F12B5C22A100F4FFE6 /* MacMobilityTests.xctest */;
			productType = "com.apple.product-type.bundle.unit-test";
		};
		C09774FA2B5C22A100F4FFE6 /* MacMobilityUITests */ = {
			isa = PBXNativeTarget;
			buildConfigurationList = C097750B2B5C22A100F4FFE6 /* Build configuration list for PBXNativeTarget "MacMobilityUITests" */;
			buildPhases = (
				C09774F72B5C22A100F4FFE6 /* Sources */,
				C09774F82B5C22A100F4FFE6 /* Frameworks */,
				C09774F92B5C22A100F4FFE6 /* Resources */,
			);
			buildRules = (
			);
			dependencies = (
				C09774FD2B5C22A100F4FFE6 /* PBXTargetDependency */,
			);
			name = MacMobilityUITests;
			productName = MacMobilityUITests;
			productReference = C09774FB2B5C22A100F4FFE6 /* MacMobilityUITests.xctest */;
			productType = "com.apple.product-type.bundle.ui-testing";
		};
/* End PBXNativeTarget section */

/* Begin PBXProject section */
		C09774D92B5C229F00F4FFE6 /* Project object */ = {
			isa = PBXProject;
			attributes = {
				BuildIndependentTargetsInParallel = 1;
				LastSwiftUpdateCheck = 1520;
				LastUpgradeCheck = 1520;
				TargetAttributes = {
					C09774E02B5C22A000F4FFE6 = {
						CreatedOnToolsVersion = 15.2;
					};
					C09774F02B5C22A100F4FFE6 = {
						CreatedOnToolsVersion = 15.2;
						TestTargetID = C09774E02B5C22A000F4FFE6;
					};
					C09774FA2B5C22A100F4FFE6 = {
						CreatedOnToolsVersion = 15.2;
						TestTargetID = C09774E02B5C22A000F4FFE6;
					};
				};
			};
			buildConfigurationList = C09774DC2B5C229F00F4FFE6 /* Build configuration list for PBXProject "MacMobility" */;
			compatibilityVersion = "Xcode 14.0";
			developmentRegion = en;
			hasScannedForEncodings = 0;
			knownRegions = (
				en,
				Base,
			);
			mainGroup = C09774D82B5C229F00F4FFE6;
			packageReferences = (
			);
			productRefGroup = C09774E22B5C22A000F4FFE6 /* Products */;
			projectDirPath = "";
			projectRoot = "";
			targets = (
				C09774E02B5C22A000F4FFE6 /* MacMobility */,
				C09774F02B5C22A100F4FFE6 /* MacMobilityTests */,
				C09774FA2B5C22A100F4FFE6 /* MacMobilityUITests */,
			);
		};
/* End PBXProject section */

/* Begin PBXResourcesBuildPhase section */
		C09774DF2B5C22A000F4FFE6 /* Resources */ = {
			isa = PBXResourcesBuildPhase;
			buildActionMask = 2147483647;
			files = (
				C09774EC2B5C22A100F4FFE6 /* Preview Assets.xcassets in Resources */,
				C09774E92B5C22A100F4FFE6 /* Assets.xcassets in Resources */,
			);
			runOnlyForDeploymentPostprocessing = 0;
		};
		C09774EF2B5C22A100F4FFE6 /* Resources */ = {
			isa = PBXResourcesBuildPhase;
			buildActionMask = 2147483647;
			files = (
			);
			runOnlyForDeploymentPostprocessing = 0;
		};
		C09774F92B5C22A100F4FFE6 /* Resources */ = {
			isa = PBXResourcesBuildPhase;
			buildActionMask = 2147483647;
			files = (
			);
			runOnlyForDeploymentPostprocessing = 0;
		};
/* End PBXResourcesBuildPhase section */

/* Begin PBXSourcesBuildPhase section */
		C09774DD2B5C22A000F4FFE6 /* Sources */ = {
			isa = PBXSourcesBuildPhase;
			buildActionMask = 2147483647;
			files = (
				C09775172B5C235700F4FFE6 /* ConnectionManager.swift in Sources */,
				C09775132B5C233B00F4FFE6 /* String+Ext.swift in Sources */,
				C09775142B5C233B00F4FFE6 /* Array+Ext.swift in Sources */,
				C09775212B5C23EA00F4FFE6 /* ConnectionSenable.swift in Sources */,
				C064BA5D2D876EF60091E2BE /* UIColor+Ext.swift in Sources */,
				C097751F2B5C23E500F4FFE6 /* ConnectionManager+iOS+Ext.swift in Sources */,
				C097751D2B5C23A100F4FFE6 /* MacOSAppDependencyScreen.swift in Sources */,
				C097751B2B5C239B00F4FFE6 /* QRCodeScanner.swift in Sources */,
				C09774E52B5C22A000F4FFE6 /* MacMobilityApp.swift in Sources */,
				C09775192B5C239600F4FFE6 /* iOSMainView.swift in Sources */,
				C064BA5B2D876ED10091E2BE /* Color+Ext.swift in Sources */,
				C064BA612D876F210091E2BE /* View+Ext.swift in Sources */,
				C064BA5F2D876F080091E2BE /* Optional+Ext.swift in Sources */,
			);
			runOnlyForDeploymentPostprocessing = 0;
		};
		C09774ED2B5C22A100F4FFE6 /* Sources */ = {
			isa = PBXSourcesBuildPhase;
			buildActionMask = 2147483647;
			files = (
				C09774F62B5C22A100F4FFE6 /* MacMobilityTests.swift in Sources */,
			);
			runOnlyForDeploymentPostprocessing = 0;
		};
		C09774F72B5C22A100F4FFE6 /* Sources */ = {
			isa = PBXSourcesBuildPhase;
			buildActionMask = 2147483647;
			files = (
				C09775002B5C22A100F4FFE6 /* MacMobilityUITests.swift in Sources */,
				C09775022B5C22A100F4FFE6 /* MacMobilityUITestsLaunchTests.swift in Sources */,
			);
			runOnlyForDeploymentPostprocessing = 0;
		};
/* End PBXSourcesBuildPhase section */

/* Begin PBXTargetDependency section */
		C09774F32B5C22A100F4FFE6 /* PBXTargetDependency */ = {
			isa = PBXTargetDependency;
			target = C09774E02B5C22A000F4FFE6 /* MacMobility */;
			targetProxy = C09774F22B5C22A100F4FFE6 /* PBXContainerItemProxy */;
		};
		C09774FD2B5C22A100F4FFE6 /* PBXTargetDependency */ = {
			isa = PBXTargetDependency;
			target = C09774E02B5C22A000F4FFE6 /* MacMobility */;
			targetProxy = C09774FC2B5C22A100F4FFE6 /* PBXContainerItemProxy */;
		};
/* End PBXTargetDependency section */

/* Begin XCBuildConfiguration section */
		C09775032B5C22A100F4FFE6 /* Debug */ = {
			isa = XCBuildConfiguration;
			buildSettings = {
				ALWAYS_SEARCH_USER_PATHS = NO;
				ASSETCATALOG_COMPILER_GENERATE_SWIFT_ASSET_SYMBOL_EXTENSIONS = YES;
				CLANG_ANALYZER_NONNULL = YES;
				CLANG_ANALYZER_NUMBER_OBJECT_CONVERSION = YES_AGGRESSIVE;
				CLANG_CXX_LANGUAGE_STANDARD = "gnu++20";
				CLANG_ENABLE_MODULES = YES;
				CLANG_ENABLE_OBJC_ARC = YES;
				CLANG_ENABLE_OBJC_WEAK = YES;
				CLANG_WARN_BLOCK_CAPTURE_AUTORELEASING = YES;
				CLANG_WARN_BOOL_CONVERSION = YES;
				CLANG_WARN_COMMA = YES;
				CLANG_WARN_CONSTANT_CONVERSION = YES;
				CLANG_WARN_DEPRECATED_OBJC_IMPLEMENTATIONS = YES;
				CLANG_WARN_DIRECT_OBJC_ISA_USAGE = YES_ERROR;
				CLANG_WARN_DOCUMENTATION_COMMENTS = YES;
				CLANG_WARN_EMPTY_BODY = YES;
				CLANG_WARN_ENUM_CONVERSION = YES;
				CLANG_WARN_INFINITE_RECURSION = YES;
				CLANG_WARN_INT_CONVERSION = YES;
				CLANG_WARN_NON_LITERAL_NULL_CONVERSION = YES;
				CLANG_WARN_OBJC_IMPLICIT_RETAIN_SELF = YES;
				CLANG_WARN_OBJC_LITERAL_CONVERSION = YES;
				CLANG_WARN_OBJC_ROOT_CLASS = YES_ERROR;
				CLANG_WARN_QUOTED_INCLUDE_IN_FRAMEWORK_HEADER = YES;
				CLANG_WARN_RANGE_LOOP_ANALYSIS = YES;
				CLANG_WARN_STRICT_PROTOTYPES = YES;
				CLANG_WARN_SUSPICIOUS_MOVE = YES;
				CLANG_WARN_UNGUARDED_AVAILABILITY = YES_AGGRESSIVE;
				CLANG_WARN_UNREACHABLE_CODE = YES;
				CLANG_WARN__DUPLICATE_METHOD_MATCH = YES;
				COPY_PHASE_STRIP = NO;
				DEBUG_INFORMATION_FORMAT = dwarf;
				ENABLE_STRICT_OBJC_MSGSEND = YES;
				ENABLE_TESTABILITY = YES;
				ENABLE_USER_SCRIPT_SANDBOXING = YES;
				GCC_C_LANGUAGE_STANDARD = gnu17;
				GCC_DYNAMIC_NO_PIC = NO;
				GCC_NO_COMMON_BLOCKS = YES;
				GCC_OPTIMIZATION_LEVEL = 0;
				GCC_PREPROCESSOR_DEFINITIONS = (
					"DEBUG=1",
					"$(inherited)",
				);
				GCC_WARN_64_TO_32_BIT_CONVERSION = YES;
				GCC_WARN_ABOUT_RETURN_TYPE = YES_ERROR;
				GCC_WARN_UNDECLARED_SELECTOR = YES;
				GCC_WARN_UNINITIALIZED_AUTOS = YES_AGGRESSIVE;
				GCC_WARN_UNUSED_FUNCTION = YES;
				GCC_WARN_UNUSED_VARIABLE = YES;
				IPHONEOS_DEPLOYMENT_TARGET = 17.2;
				LOCALIZATION_PREFERS_STRING_CATALOGS = YES;
				MTL_ENABLE_DEBUG_INFO = INCLUDE_SOURCE;
				MTL_FAST_MATH = YES;
				ONLY_ACTIVE_ARCH = YES;
				SDKROOT = iphoneos;
				SWIFT_ACTIVE_COMPILATION_CONDITIONS = "DEBUG $(inherited)";
				SWIFT_OPTIMIZATION_LEVEL = "-Onone";
			};
			name = Debug;
		};
		C09775042B5C22A100F4FFE6 /* Release */ = {
			isa = XCBuildConfiguration;
			buildSettings = {
				ALWAYS_SEARCH_USER_PATHS = NO;
				ASSETCATALOG_COMPILER_GENERATE_SWIFT_ASSET_SYMBOL_EXTENSIONS = YES;
				CLANG_ANALYZER_NONNULL = YES;
				CLANG_ANALYZER_NUMBER_OBJECT_CONVERSION = YES_AGGRESSIVE;
				CLANG_CXX_LANGUAGE_STANDARD = "gnu++20";
				CLANG_ENABLE_MODULES = YES;
				CLANG_ENABLE_OBJC_ARC = YES;
				CLANG_ENABLE_OBJC_WEAK = YES;
				CLANG_WARN_BLOCK_CAPTURE_AUTORELEASING = YES;
				CLANG_WARN_BOOL_CONVERSION = YES;
				CLANG_WARN_COMMA = YES;
				CLANG_WARN_CONSTANT_CONVERSION = YES;
				CLANG_WARN_DEPRECATED_OBJC_IMPLEMENTATIONS = YES;
				CLANG_WARN_DIRECT_OBJC_ISA_USAGE = YES_ERROR;
				CLANG_WARN_DOCUMENTATION_COMMENTS = YES;
				CLANG_WARN_EMPTY_BODY = YES;
				CLANG_WARN_ENUM_CONVERSION = YES;
				CLANG_WARN_INFINITE_RECURSION = YES;
				CLANG_WARN_INT_CONVERSION = YES;
				CLANG_WARN_NON_LITERAL_NULL_CONVERSION = YES;
				CLANG_WARN_OBJC_IMPLICIT_RETAIN_SELF = YES;
				CLANG_WARN_OBJC_LITERAL_CONVERSION = YES;
				CLANG_WARN_OBJC_ROOT_CLASS = YES_ERROR;
				CLANG_WARN_QUOTED_INCLUDE_IN_FRAMEWORK_HEADER = YES;
				CLANG_WARN_RANGE_LOOP_ANALYSIS = YES;
				CLANG_WARN_STRICT_PROTOTYPES = YES;
				CLANG_WARN_SUSPICIOUS_MOVE = YES;
				CLANG_WARN_UNGUARDED_AVAILABILITY = YES_AGGRESSIVE;
				CLANG_WARN_UNREACHABLE_CODE = YES;
				CLANG_WARN__DUPLICATE_METHOD_MATCH = YES;
				COPY_PHASE_STRIP = NO;
				DEBUG_INFORMATION_FORMAT = "dwarf-with-dsym";
				ENABLE_NS_ASSERTIONS = NO;
				ENABLE_STRICT_OBJC_MSGSEND = YES;
				ENABLE_USER_SCRIPT_SANDBOXING = YES;
				GCC_C_LANGUAGE_STANDARD = gnu17;
				GCC_NO_COMMON_BLOCKS = YES;
				GCC_WARN_64_TO_32_BIT_CONVERSION = YES;
				GCC_WARN_ABOUT_RETURN_TYPE = YES_ERROR;
				GCC_WARN_UNDECLARED_SELECTOR = YES;
				GCC_WARN_UNINITIALIZED_AUTOS = YES_AGGRESSIVE;
				GCC_WARN_UNUSED_FUNCTION = YES;
				GCC_WARN_UNUSED_VARIABLE = YES;
				IPHONEOS_DEPLOYMENT_TARGET = 17.2;
				LOCALIZATION_PREFERS_STRING_CATALOGS = YES;
				MTL_ENABLE_DEBUG_INFO = NO;
				MTL_FAST_MATH = YES;
				SDKROOT = iphoneos;
				SWIFT_COMPILATION_MODE = wholemodule;
				VALIDATE_PRODUCT = YES;
			};
			name = Release;
		};
		C09775062B5C22A100F4FFE6 /* Debug */ = {
			isa = XCBuildConfiguration;
			buildSettings = {
				ASSETCATALOG_COMPILER_APPICON_NAME = AppIcon;
				ASSETCATALOG_COMPILER_GLOBAL_ACCENT_COLOR_NAME = AccentColor;
				CODE_SIGN_STYLE = Automatic;
				CURRENT_PROJECT_VERSION = 1;
				DEVELOPMENT_ASSET_PATHS = "\"MacMobility/Preview Content\"";
				DEVELOPMENT_TEAM = VDU5LZJ85D;
				ENABLE_PREVIEWS = YES;
				GENERATE_INFOPLIST_FILE = YES;
				INFOPLIST_FILE = MacMobility/Info.plist;
				INFOPLIST_KEY_CFBundleDisplayName = MacMobility;
				INFOPLIST_KEY_LSApplicationCategoryType = "public.app-category.productivity";
				INFOPLIST_KEY_NSCameraUsageDescription = "Scan QR code.";
				INFOPLIST_KEY_NSLocalNetworkUsageDescription = "MacMobility needs this permission for connectic to MacOS version.";
				INFOPLIST_KEY_UIApplicationSceneManifest_Generation = YES;
				INFOPLIST_KEY_UIApplicationSupportsIndirectInputEvents = YES;
				INFOPLIST_KEY_UILaunchScreen_Generation = YES;
				INFOPLIST_KEY_UISupportedInterfaceOrientations = "UIInterfaceOrientationLandscapeLeft UIInterfaceOrientationLandscapeRight";
				IPHONEOS_DEPLOYMENT_TARGET = 16.0;
				LD_RUNPATH_SEARCH_PATHS = (
					"$(inherited)",
					"@executable_path/Frameworks",
				);
				MARKETING_VERSION = 1.0.0;
				PRODUCT_BUNDLE_IDENTIFIER = com.macmobility.MacMobility;
				PRODUCT_NAME = "$(TARGET_NAME)";
				SUPPORTED_PLATFORMS = "iphoneos iphonesimulator";
				SUPPORTS_MACCATALYST = NO;
				SUPPORTS_MAC_DESIGNED_FOR_IPHONE_IPAD = NO;
				SUPPORTS_XR_DESIGNED_FOR_IPHONE_IPAD = NO;
				SWIFT_EMIT_LOC_STRINGS = YES;
				SWIFT_VERSION = 5.0;
				TARGETED_DEVICE_FAMILY = "1,2";
			};
			name = Debug;
		};
		C09775072B5C22A100F4FFE6 /* Release */ = {
			isa = XCBuildConfiguration;
			buildSettings = {
				ASSETCATALOG_COMPILER_APPICON_NAME = AppIcon;
				ASSETCATALOG_COMPILER_GLOBAL_ACCENT_COLOR_NAME = AccentColor;
				CODE_SIGN_STYLE = Automatic;
				CURRENT_PROJECT_VERSION = 1;
				DEVELOPMENT_ASSET_PATHS = "\"MacMobility/Preview Content\"";
				DEVELOPMENT_TEAM = VDU5LZJ85D;
				ENABLE_PREVIEWS = YES;
				GENERATE_INFOPLIST_FILE = YES;
				INFOPLIST_FILE = MacMobility/Info.plist;
				INFOPLIST_KEY_CFBundleDisplayName = MacMobility;
				INFOPLIST_KEY_LSApplicationCategoryType = "public.app-category.productivity";
				INFOPLIST_KEY_NSCameraUsageDescription = "Scan QR code.";
				INFOPLIST_KEY_NSLocalNetworkUsageDescription = "MacMobility needs this permission for connectic to MacOS version.";
				INFOPLIST_KEY_UIApplicationSceneManifest_Generation = YES;
				INFOPLIST_KEY_UIApplicationSupportsIndirectInputEvents = YES;
				INFOPLIST_KEY_UILaunchScreen_Generation = YES;
				INFOPLIST_KEY_UISupportedInterfaceOrientations = "UIInterfaceOrientationLandscapeLeft UIInterfaceOrientationLandscapeRight";
				IPHONEOS_DEPLOYMENT_TARGET = 16.0;
				LD_RUNPATH_SEARCH_PATHS = (
					"$(inherited)",
					"@executable_path/Frameworks",
				);
				MARKETING_VERSION = 1.0.0;
				PRODUCT_BUNDLE_IDENTIFIER = com.macmobility.MacMobility;
				PRODUCT_NAME = "$(TARGET_NAME)";
				SUPPORTED_PLATFORMS = "iphoneos iphonesimulator";
				SUPPORTS_MACCATALYST = NO;
				SUPPORTS_MAC_DESIGNED_FOR_IPHONE_IPAD = NO;
				SUPPORTS_XR_DESIGNED_FOR_IPHONE_IPAD = NO;
				SWIFT_EMIT_LOC_STRINGS = YES;
				SWIFT_VERSION = 5.0;
				TARGETED_DEVICE_FAMILY = "1,2";
			};
			name = Release;
		};
		C09775092B5C22A100F4FFE6 /* Debug */ = {
			isa = XCBuildConfiguration;
			buildSettings = {
				ALWAYS_EMBED_SWIFT_STANDARD_LIBRARIES = YES;
				BUNDLE_LOADER = "$(TEST_HOST)";
				CODE_SIGN_STYLE = Automatic;
				CURRENT_PROJECT_VERSION = 1;
				DEVELOPMENT_TEAM = VDU5LZJ85D;
				GENERATE_INFOPLIST_FILE = YES;
				IPHONEOS_DEPLOYMENT_TARGET = 17.2;
				MARKETING_VERSION = 1.0;
				PRODUCT_BUNDLE_IDENTIFIER = com.macmobility.MacMobilityTests;
				PRODUCT_NAME = "$(TARGET_NAME)";
				SWIFT_EMIT_LOC_STRINGS = NO;
				SWIFT_VERSION = 5.0;
				TARGETED_DEVICE_FAMILY = "1,2";
				TEST_HOST = "$(BUILT_PRODUCTS_DIR)/MacMobility.app/$(BUNDLE_EXECUTABLE_FOLDER_PATH)/MacMobility";
			};
			name = Debug;
		};
		C097750A2B5C22A100F4FFE6 /* Release */ = {
			isa = XCBuildConfiguration;
			buildSettings = {
				ALWAYS_EMBED_SWIFT_STANDARD_LIBRARIES = YES;
				BUNDLE_LOADER = "$(TEST_HOST)";
				CODE_SIGN_STYLE = Automatic;
				CURRENT_PROJECT_VERSION = 1;
				DEVELOPMENT_TEAM = VDU5LZJ85D;
				GENERATE_INFOPLIST_FILE = YES;
				IPHONEOS_DEPLOYMENT_TARGET = 17.2;
				MARKETING_VERSION = 1.0;
				PRODUCT_BUNDLE_IDENTIFIER = com.macmobility.MacMobilityTests;
				PRODUCT_NAME = "$(TARGET_NAME)";
				SWIFT_EMIT_LOC_STRINGS = NO;
				SWIFT_VERSION = 5.0;
				TARGETED_DEVICE_FAMILY = "1,2";
				TEST_HOST = "$(BUILT_PRODUCTS_DIR)/MacMobility.app/$(BUNDLE_EXECUTABLE_FOLDER_PATH)/MacMobility";
			};
			name = Release;
		};
		C097750C2B5C22A100F4FFE6 /* Debug */ = {
			isa = XCBuildConfiguration;
			buildSettings = {
				ALWAYS_EMBED_SWIFT_STANDARD_LIBRARIES = YES;
				CODE_SIGN_STYLE = Automatic;
				CURRENT_PROJECT_VERSION = 1;
				DEVELOPMENT_TEAM = VDU5LZJ85D;
				GENERATE_INFOPLIST_FILE = YES;
				MARKETING_VERSION = 1.0;
				PRODUCT_BUNDLE_IDENTIFIER = com.macmobility.MacMobilityUITests;
				PRODUCT_NAME = "$(TARGET_NAME)";
				SWIFT_EMIT_LOC_STRINGS = NO;
				SWIFT_VERSION = 5.0;
				TARGETED_DEVICE_FAMILY = "1,2";
				TEST_TARGET_NAME = MacMobility;
			};
			name = Debug;
		};
		C097750D2B5C22A100F4FFE6 /* Release */ = {
			isa = XCBuildConfiguration;
			buildSettings = {
				ALWAYS_EMBED_SWIFT_STANDARD_LIBRARIES = YES;
				CODE_SIGN_STYLE = Automatic;
				CURRENT_PROJECT_VERSION = 1;
				DEVELOPMENT_TEAM = VDU5LZJ85D;
				GENERATE_INFOPLIST_FILE = YES;
				MARKETING_VERSION = 1.0;
				PRODUCT_BUNDLE_IDENTIFIER = com.macmobility.MacMobilityUITests;
				PRODUCT_NAME = "$(TARGET_NAME)";
				SWIFT_EMIT_LOC_STRINGS = NO;
				SWIFT_VERSION = 5.0;
				TARGETED_DEVICE_FAMILY = "1,2";
				TEST_TARGET_NAME = MacMobility;
			};
			name = Release;
		};
/* End XCBuildConfiguration section */

/* Begin XCConfigurationList section */
		C09774DC2B5C229F00F4FFE6 /* Build configuration list for PBXProject "MacMobility" */ = {
			isa = XCConfigurationList;
			buildConfigurations = (
				C09775032B5C22A100F4FFE6 /* Debug */,
				C09775042B5C22A100F4FFE6 /* Release */,
			);
			defaultConfigurationIsVisible = 0;
			defaultConfigurationName = Release;
		};
		C09775052B5C22A100F4FFE6 /* Build configuration list for PBXNativeTarget "MacMobility" */ = {
			isa = XCConfigurationList;
			buildConfigurations = (
				C09775062B5C22A100F4FFE6 /* Debug */,
				C09775072B5C22A100F4FFE6 /* Release */,
			);
			defaultConfigurationIsVisible = 0;
			defaultConfigurationName = Release;
		};
		C09775082B5C22A100F4FFE6 /* Build configuration list for PBXNativeTarget "MacMobilityTests" */ = {
			isa = XCConfigurationList;
			buildConfigurations = (
				C09775092B5C22A100F4FFE6 /* Debug */,
				C097750A2B5C22A100F4FFE6 /* Release */,
			);
			defaultConfigurationIsVisible = 0;
			defaultConfigurationName = Release;
		};
		C097750B2B5C22A100F4FFE6 /* Build configuration list for PBXNativeTarget "MacMobilityUITests" */ = {
			isa = XCConfigurationList;
			buildConfigurations = (
				C097750C2B5C22A100F4FFE6 /* Debug */,
				C097750D2B5C22A100F4FFE6 /* Release */,
			);
			defaultConfigurationIsVisible = 0;
			defaultConfigurationName = Release;
		};
/* End XCConfigurationList section */

/* Begin XCSwiftPackageProductDependency section */
		C01B42002BA3A4B7006C5C37 /* CoreDataSPM */ = {
			isa = XCSwiftPackageProductDependency;
			productName = CoreDataSPM;
		};
		C01B42032BA3A4D0006C5C37 /* CoreDataSPM */ = {
			isa = XCSwiftPackageProductDependency;
			productName = CoreDataSPM;
		};
		C01B42082BA3A598006C5C37 /* CoreDataSPM */ = {
			isa = XCSwiftPackageProductDependency;
			productName = CoreDataSPM;
		};
		C0BDB29C2BA3AF5800B36D19 /* Swiftly */ = {
			isa = XCSwiftPackageProductDependency;
			productName = Swiftly;
		};
/* End XCSwiftPackageProductDependency section */
	};
	rootObject = C09774D92B5C229F00F4FFE6 /* Project object */;
}
